
Microsoft Visual Studio Solution File, Format Version 12.00
# Visual Studio Version 17
VisualStudioVersion = 17.0.31903.59
MinimumVisualStudioVersion = 10.0.40219.1

Project("{FAE04EC0-301F-11D3-BF4B-00C04F79EFBC}") = "DrwalCraft.UI", "DrwalCraft.UI\DrwalCraft.UI.csproj", "{F7969D6F-32C6-4B9D-85A4-48183F63054C}"
EndProject
Project("{FAE04EC0-301F-11D3-BF4B-00C04F79EFBC}") = "DrwalCraft.Game", "DrwalCraft.Game\DrwalCraft.Game.csproj", "{57EE392E-E4BD-4C0F-AF31-3F675FF0A37D}"
EndProject
Project("{FAE04EC0-301F-11D3-BF4B-00C04F79EFBC}") = "DrwalCraft.Core", "DrwalCraft.Core\DrwalCraft.Core.csproj", "{067938F5-65D2-47F2-85A3-3AA0F6242272}"
EndProject
Project("{FAE04EC0-301F-11D3-BF4B-00C04F79EFBC}") = "DrwalCraft.Client", "DrwalCraft.Client\DrwalCraft.Client.csproj", "{067938F5-65D2-47F2-85A3-3AA0F6242272}"
EndProject
Project("{FAE04EC0-301F-11D3-BF4B-00C04F79EFBC}") = "DrwalCraft.Server", "DrwalCraft.Server\DrwalCraft.Server.csproj", "{067938F5-65D2-47F2-85A3-3AA0F6242272}"
EndProject
Project("{FAE04EC0-301F-11D3-BF4B-00C04F79EFBC}") = "Messages", "Messages\Messages.csproj", "{067938F5-65D2-47F2-85A3-3AA0F6242272}"
EndProject
Global
	GlobalSection(SolutionConfigurationPlatforms) = preSolution
		Debug|Any CPU = Debug|Any CPU
		Debug|x64 = Debug|x64
		Debug|x86 = Debug|x86
		Release|Any CPU = Release|Any CPU
		Release|x64 = Release|x64
		Release|x86 = Release|x86
	EndGlobalSection
	GlobalSection(ProjectConfigurationPlatforms) = postSolution
		{F7969D6F-32C6-4B9D-85A4-48183F63054C}.Debug|Any CPU.ActiveCfg = Debug|Any CPU
		{F7969D6F-32C6-4B9D-85A4-48183F63054C}.Debug|Any CPU.Build.0 = Debug|Any CPU
		{F7969D6F-32C6-4B9D-85A4-48183F63054C}.Debug|x64.ActiveCfg = Debug|Any CPU
		{F7969D6F-32C6-4B9D-85A4-48183F63054C}.Debug|x64.Build.0 = Debug|Any CPU
		{F7969D6F-32C6-4B9D-85A4-48183F63054C}.Debug|x86.ActiveCfg = Debug|Any CPU
		{F7969D6F-32C6-4B9D-85A4-48183F63054C}.Debug|x86.Build.0 = Debug|Any CPU
		{F7969D6F-32C6-4B9D-85A4-48183F63054C}.Release|Any CPU.ActiveCfg = Release|Any CPU
		{F7969D6F-32C6-4B9D-85A4-48183F63054C}.Release|Any CPU.Build.0 = Release|Any CPU
		{F7969D6F-32C6-4B9D-85A4-48183F63054C}.Release|x64.ActiveCfg = Release|Any CPU
		{F7969D6F-32C6-4B9D-85A4-48183F63054C}.Release|x64.Build.0 = Release|Any CPU
		{F7969D6F-32C6-4B9D-85A4-48183F63054C}.Release|x86.ActiveCfg = Release|Any CPU
		{F7969D6F-32C6-4B9D-85A4-48183F63054C}.Release|x86.Build.0 = Release|Any CPU
		{57EE392E-E4BD-4C0F-AF31-3F675FF0A37D}.Debug|Any CPU.ActiveCfg = Debug|Any CPU
		{57EE392E-E4BD-4C0F-AF31-3F675FF0A37D}.Debug|Any CPU.Build.0 = Debug|Any CPU
		{57EE392E-E4BD-4C0F-AF31-3F675FF0A37D}.Debug|x64.ActiveCfg = Debug|Any CPU
		{57EE392E-E4BD-4C0F-AF31-3F675FF0A37D}.Debug|x64.Build.0 = Debug|Any CPU
		{57EE392E-E4BD-4C0F-AF31-3F675FF0A37D}.Debug|x86.ActiveCfg = Debug|Any CPU
		{57EE392E-E4BD-4C0F-AF31-3F675FF0A37D}.Debug|x86.Build.0 = Debug|Any CPU
		{57EE392E-E4BD-4C0F-AF31-3F675FF0A37D}.Release|Any CPU.ActiveCfg = Release|Any CPU
		{57EE392E-E4BD-4C0F-AF31-3F675FF0A37D}.Release|Any CPU.Build.0 = Release|Any CPU
		{57EE392E-E4BD-4C0F-AF31-3F675FF0A37D}.Release|x64.ActiveCfg = Release|Any CPU
		{57EE392E-E4BD-4C0F-AF31-3F675FF0A37D}.Release|x64.Build.0 = Release|Any CPU
		{57EE392E-E4BD-4C0F-AF31-3F675FF0A37D}.Release|x86.ActiveCfg = Release|Any CPU
		{57EE392E-E4BD-4C0F-AF31-3F675FF0A37D}.Release|x86.Build.0 = Release|Any CPU
		{067938F5-65D2-47F2-85A3-3AA0F6242272}.Debug|Any CPU.ActiveCfg = Debug|Any CPU
		{067938F5-65D2-47F2-85A3-3AA0F6242272}.Debug|Any CPU.Build.0 = Debug|Any CPU
		{067938F5-65D2-47F2-85A3-3AA0F6242272}.Debug|x64.ActiveCfg = Debug|Any CPU
		{067938F5-65D2-47F2-85A3-3AA0F6242272}.Debug|x64.Build.0 = Debug|Any CPU
		{067938F5-65D2-47F2-85A3-3AA0F6242272}.Debug|x86.ActiveCfg = Debug|Any CPU
		{067938F5-65D2-47F2-85A3-3AA0F6242272}.Debug|x86.Build.0 = Debug|Any CPU
		{067938F5-65D2-47F2-85A3-3AA0F6242272}.Release|Any CPU.ActiveCfg = Release|Any CPU
		{067938F5-65D2-47F2-85A3-3AA0F6242272}.Release|Any CPU.Build.0 = Release|Any CPU
		{067938F5-65D2-47F2-85A3-3AA0F6242272}.Release|x64.ActiveCfg = Release|Any CPU
		{067938F5-65D2-47F2-85A3-3AA0F6242272}.Release|x64.Build.0 = Release|Any CPU
		{067938F5-65D2-47F2-85A3-3AA0F6242272}.Release|x86.ActiveCfg = Release|Any CPU
		{067938F5-65D2-47F2-85A3-3AA0F6242272}.Release|x86.Build.0 = Release|Any CPU
	EndGlobalSection
	GlobalSection(SolutionProperties) = preSolution
		HideSolutionNode = FALSE
	EndGlobalSection
	GlobalSection(NestedProjects) = preSolution
		{57EE392E-E4BD-4C0F-AF31-3F675FF0A37D} = {9C9D97B6-59ED-BA27-A9A8-0747E3E6A239}
	EndGlobalSection
EndGlobal
